
Microsoft Visual Studio Solution File, Format Version 12.00
# Visual Studio 14
VisualStudioVersion = 14.0.25420.1
MinimumVisualStudioVersion = 10.0.40219.1
Project("{FAE04EC0-301F-11D3-BF4B-00C04F79EFBC}") = "ScannerZXing.Droid", "ScannerZXing\ScannerZXing.Droid\ScannerZXing.Droid.csproj", "{FE622C14-EF3C-41ED-AA1F-70A358E1C63D}"
EndProject
Project("{FAE04EC0-301F-11D3-BF4B-00C04F79EFBC}") = "ScannerZXing.iOS", "ScannerZXing\ScannerZXing.iOS\ScannerZXing.iOS.csproj", "{51EB8ACA-742D-4C9A-A557-EA0274B429EF}"
EndProject
Project("{FAE04EC0-301F-11D3-BF4B-00C04F79EFBC}") = "ScannerZXing.WinPhone", "ScannerZXing\ScannerZXing.WinPhone\ScannerZXing.WinPhone.csproj", "{8F3AC8CB-4CA3-4A97-8F43-D477BA74C1CC}"
EndProject
Project("{FAE04EC0-301F-11D3-BF4B-00C04F79EFBC}") = "ScannerZXing.UWP", "ScannerZXing\ScannerZXing.UWP\ScannerZXing.UWP.csproj", "{88E5D59A-2E56-4777-A38C-AA82860CE47A}"
EndProject
Project("{FAE04EC0-301F-11D3-BF4B-00C04F79EFBC}") = "ScannerZXing.Windows", "ScannerZXing\ScannerZXing.Windows\ScannerZXing.Windows.csproj", "{76384819-7065-44B5-A89F-AE35EBD5E770}"
EndProject
Project("{FAE04EC0-301F-11D3-BF4B-00C04F79EFBC}") = "ScannerZXing", "ScannerZXing\ScannerZXing\ScannerZXing.csproj", "{306FE8B0-BF98-4D92-AD06-079A37041208}"
EndProject
Global
	GlobalSection(SolutionConfigurationPlatforms) = preSolution
		Ad-Hoc|Any CPU = Ad-Hoc|Any CPU
		Ad-Hoc|ARM = Ad-Hoc|ARM
		Ad-Hoc|iPhone = Ad-Hoc|iPhone
		Ad-Hoc|iPhoneSimulator = Ad-Hoc|iPhoneSimulator
		Ad-Hoc|x64 = Ad-Hoc|x64
		Ad-Hoc|x86 = Ad-Hoc|x86
		AppStore|Any CPU = AppStore|Any CPU
		AppStore|ARM = AppStore|ARM
		AppStore|iPhone = AppStore|iPhone
		AppStore|iPhoneSimulator = AppStore|iPhoneSimulator
		AppStore|x64 = AppStore|x64
		AppStore|x86 = AppStore|x86
		Debug|Any CPU = Debug|Any CPU
		Debug|ARM = Debug|ARM
		Debug|iPhone = Debug|iPhone
		Debug|iPhoneSimulator = Debug|iPhoneSimulator
		Debug|x64 = Debug|x64
		Debug|x86 = Debug|x86
		Release|Any CPU = Release|Any CPU
		Release|ARM = Release|ARM
		Release|iPhone = Release|iPhone
		Release|iPhoneSimulator = Release|iPhoneSimulator
		Release|x64 = Release|x64
		Release|x86 = Release|x86
	EndGlobalSection
	GlobalSection(ProjectConfigurationPlatforms) = postSolution
		{FE622C14-EF3C-41ED-AA1F-70A358E1C63D}.Ad-Hoc|Any CPU.ActiveCfg = Release|Any CPU
		{FE622C14-EF3C-41ED-AA1F-70A358E1C63D}.Ad-Hoc|Any CPU.Build.0 = Release|Any CPU
		{FE622C14-EF3C-41ED-AA1F-70A358E1C63D}.Ad-Hoc|Any CPU.Deploy.0 = Release|Any CPU
		{FE622C14-EF3C-41ED-AA1F-70A358E1C63D}.Ad-Hoc|ARM.ActiveCfg = Release|Any CPU
		{FE622C14-EF3C-41ED-AA1F-70A358E1C63D}.Ad-Hoc|ARM.Build.0 = Release|Any CPU
		{FE622C14-EF3C-41ED-AA1F-70A358E1C63D}.Ad-Hoc|ARM.Deploy.0 = Release|Any CPU
		{FE622C14-EF3C-41ED-AA1F-70A358E1C63D}.Ad-Hoc|iPhone.ActiveCfg = Release|Any CPU
		{FE622C14-EF3C-41ED-AA1F-70A358E1C63D}.Ad-Hoc|iPhone.Build.0 = Release|Any CPU
		{FE622C14-EF3C-41ED-AA1F-70A358E1C63D}.Ad-Hoc|iPhone.Deploy.0 = Release|Any CPU
		{FE622C14-EF3C-41ED-AA1F-70A358E1C63D}.Ad-Hoc|iPhoneSimulator.ActiveCfg = Release|Any CPU
		{FE622C14-EF3C-41ED-AA1F-70A358E1C63D}.Ad-Hoc|iPhoneSimulator.Build.0 = Release|Any CPU
		{FE622C14-EF3C-41ED-AA1F-70A358E1C63D}.Ad-Hoc|iPhoneSimulator.Deploy.0 = Release|Any CPU
		{FE622C14-EF3C-41ED-AA1F-70A358E1C63D}.Ad-Hoc|x64.ActiveCfg = Release|Any CPU
		{FE622C14-EF3C-41ED-AA1F-70A358E1C63D}.Ad-Hoc|x64.Build.0 = Release|Any CPU
		{FE622C14-EF3C-41ED-AA1F-70A358E1C63D}.Ad-Hoc|x64.Deploy.0 = Release|Any CPU
		{FE622C14-EF3C-41ED-AA1F-70A358E1C63D}.Ad-Hoc|x86.ActiveCfg = Release|Any CPU
		{FE622C14-EF3C-41ED-AA1F-70A358E1C63D}.Ad-Hoc|x86.Build.0 = Release|Any CPU
		{FE622C14-EF3C-41ED-AA1F-70A358E1C63D}.Ad-Hoc|x86.Deploy.0 = Release|Any CPU
		{FE622C14-EF3C-41ED-AA1F-70A358E1C63D}.AppStore|Any CPU.ActiveCfg = Release|Any CPU
		{FE622C14-EF3C-41ED-AA1F-70A358E1C63D}.AppStore|Any CPU.Build.0 = Release|Any CPU
		{FE622C14-EF3C-41ED-AA1F-70A358E1C63D}.AppStore|Any CPU.Deploy.0 = Release|Any CPU
		{FE622C14-EF3C-41ED-AA1F-70A358E1C63D}.AppStore|ARM.ActiveCfg = Release|Any CPU
		{FE622C14-EF3C-41ED-AA1F-70A358E1C63D}.AppStore|ARM.Build.0 = Release|Any CPU
		{FE622C14-EF3C-41ED-AA1F-70A358E1C63D}.AppStore|ARM.Deploy.0 = Release|Any CPU
		{FE622C14-EF3C-41ED-AA1F-70A358E1C63D}.AppStore|iPhone.ActiveCfg = Release|Any CPU
		{FE622C14-EF3C-41ED-AA1F-70A358E1C63D}.AppStore|iPhone.Build.0 = Release|Any CPU
		{FE622C14-EF3C-41ED-AA1F-70A358E1C63D}.AppStore|iPhone.Deploy.0 = Release|Any CPU
		{FE622C14-EF3C-41ED-AA1F-70A358E1C63D}.AppStore|iPhoneSimulator.ActiveCfg = Release|Any CPU
		{FE622C14-EF3C-41ED-AA1F-70A358E1C63D}.AppStore|iPhoneSimulator.Build.0 = Release|Any CPU
		{FE622C14-EF3C-41ED-AA1F-70A358E1C63D}.AppStore|iPhoneSimulator.Deploy.0 = Release|Any CPU
		{FE622C14-EF3C-41ED-AA1F-70A358E1C63D}.AppStore|x64.ActiveCfg = Release|Any CPU
		{FE622C14-EF3C-41ED-AA1F-70A358E1C63D}.AppStore|x64.Build.0 = Release|Any CPU
		{FE622C14-EF3C-41ED-AA1F-70A358E1C63D}.AppStore|x64.Deploy.0 = Release|Any CPU
		{FE622C14-EF3C-41ED-AA1F-70A358E1C63D}.AppStore|x86.ActiveCfg = Release|Any CPU
		{FE622C14-EF3C-41ED-AA1F-70A358E1C63D}.AppStore|x86.Build.0 = Release|Any CPU
		{FE622C14-EF3C-41ED-AA1F-70A358E1C63D}.AppStore|x86.Deploy.0 = Release|Any CPU
		{FE622C14-EF3C-41ED-AA1F-70A358E1C63D}.Debug|Any CPU.ActiveCfg = Debug|Any CPU
		{FE622C14-EF3C-41ED-AA1F-70A358E1C63D}.Debug|Any CPU.Build.0 = Debug|Any CPU
		{FE622C14-EF3C-41ED-AA1F-70A358E1C63D}.Debug|Any CPU.Deploy.0 = Debug|Any CPU
		{FE622C14-EF3C-41ED-AA1F-70A358E1C63D}.Debug|ARM.ActiveCfg = Debug|Any CPU
		{FE622C14-EF3C-41ED-AA1F-70A358E1C63D}.Debug|ARM.Build.0 = Debug|Any CPU
		{FE622C14-EF3C-41ED-AA1F-70A358E1C63D}.Debug|ARM.Deploy.0 = Debug|Any CPU
		{FE622C14-EF3C-41ED-AA1F-70A358E1C63D}.Debug|iPhone.ActiveCfg = Debug|Any CPU
		{FE622C14-EF3C-41ED-AA1F-70A358E1C63D}.Debug|iPhone.Build.0 = Debug|Any CPU
		{FE622C14-EF3C-41ED-AA1F-70A358E1C63D}.Debug|iPhone.Deploy.0 = Debug|Any CPU
		{FE622C14-EF3C-41ED-AA1F-70A358E1C63D}.Debug|iPhoneSimulator.ActiveCfg = Debug|Any CPU
		{FE622C14-EF3C-41ED-AA1F-70A358E1C63D}.Debug|iPhoneSimulator.Build.0 = Debug|Any CPU
		{FE622C14-EF3C-41ED-AA1F-70A358E1C63D}.Debug|iPhoneSimulator.Deploy.0 = Debug|Any CPU
		{FE622C14-EF3C-41ED-AA1F-70A358E1C63D}.Debug|x64.ActiveCfg = Debug|Any CPU
		{FE622C14-EF3C-41ED-AA1F-70A358E1C63D}.Debug|x64.Build.0 = Debug|Any CPU
		{FE622C14-EF3C-41ED-AA1F-70A358E1C63D}.Debug|x64.Deploy.0 = Debug|Any CPU
		{FE622C14-EF3C-41ED-AA1F-70A358E1C63D}.Debug|x86.ActiveCfg = Debug|Any CPU
		{FE622C14-EF3C-41ED-AA1F-70A358E1C63D}.Debug|x86.Build.0 = Debug|Any CPU
		{FE622C14-EF3C-41ED-AA1F-70A358E1C63D}.Debug|x86.Deploy.0 = Debug|Any CPU
		{FE622C14-EF3C-41ED-AA1F-70A358E1C63D}.Release|Any CPU.ActiveCfg = Release|Any CPU
		{FE622C14-EF3C-41ED-AA1F-70A358E1C63D}.Release|Any CPU.Build.0 = Release|Any CPU
		{FE622C14-EF3C-41ED-AA1F-70A358E1C63D}.Release|Any CPU.Deploy.0 = Release|Any CPU
		{FE622C14-EF3C-41ED-AA1F-70A358E1C63D}.Release|ARM.ActiveCfg = Release|Any CPU
		{FE622C14-EF3C-41ED-AA1F-70A358E1C63D}.Release|ARM.Build.0 = Release|Any CPU
		{FE622C14-EF3C-41ED-AA1F-70A358E1C63D}.Release|ARM.Deploy.0 = Release|Any CPU
		{FE622C14-EF3C-41ED-AA1F-70A358E1C63D}.Release|iPhone.ActiveCfg = Release|Any CPU
		{FE622C14-EF3C-41ED-AA1F-70A358E1C63D}.Release|iPhone.Build.0 = Release|Any CPU
		{FE622C14-EF3C-41ED-AA1F-70A358E1C63D}.Release|iPhone.Deploy.0 = Release|Any CPU
		{FE622C14-EF3C-41ED-AA1F-70A358E1C63D}.Release|iPhoneSimulator.ActiveCfg = Release|Any CPU
		{FE622C14-EF3C-41ED-AA1F-70A358E1C63D}.Release|iPhoneSimulator.Build.0 = Release|Any CPU
		{FE622C14-EF3C-41ED-AA1F-70A358E1C63D}.Release|iPhoneSimulator.Deploy.0 = Release|Any CPU
		{FE622C14-EF3C-41ED-AA1F-70A358E1C63D}.Release|x64.ActiveCfg = Release|Any CPU
		{FE622C14-EF3C-41ED-AA1F-70A358E1C63D}.Release|x64.Build.0 = Release|Any CPU
		{FE622C14-EF3C-41ED-AA1F-70A358E1C63D}.Release|x64.Deploy.0 = Release|Any CPU
		{FE622C14-EF3C-41ED-AA1F-70A358E1C63D}.Release|x86.ActiveCfg = Release|Any CPU
		{FE622C14-EF3C-41ED-AA1F-70A358E1C63D}.Release|x86.Build.0 = Release|Any CPU
		{FE622C14-EF3C-41ED-AA1F-70A358E1C63D}.Release|x86.Deploy.0 = Release|Any CPU
		{51EB8ACA-742D-4C9A-A557-EA0274B429EF}.Ad-Hoc|Any CPU.ActiveCfg = Ad-Hoc|iPhone
		{51EB8ACA-742D-4C9A-A557-EA0274B429EF}.Ad-Hoc|ARM.ActiveCfg = Ad-Hoc|iPhone
		{51EB8ACA-742D-4C9A-A557-EA0274B429EF}.Ad-Hoc|iPhone.ActiveCfg = Ad-Hoc|iPhone
		{51EB8ACA-742D-4C9A-A557-EA0274B429EF}.Ad-Hoc|iPhone.Build.0 = Ad-Hoc|iPhone
		{51EB8ACA-742D-4C9A-A557-EA0274B429EF}.Ad-Hoc|iPhoneSimulator.ActiveCfg = Ad-Hoc|iPhoneSimulator
		{51EB8ACA-742D-4C9A-A557-EA0274B429EF}.Ad-Hoc|iPhoneSimulator.Build.0 = Ad-Hoc|iPhoneSimulator
		{51EB8ACA-742D-4C9A-A557-EA0274B429EF}.Ad-Hoc|x64.ActiveCfg = Ad-Hoc|iPhone
		{51EB8ACA-742D-4C9A-A557-EA0274B429EF}.Ad-Hoc|x86.ActiveCfg = Ad-Hoc|iPhone
		{51EB8ACA-742D-4C9A-A557-EA0274B429EF}.AppStore|Any CPU.ActiveCfg = AppStore|iPhone
		{51EB8ACA-742D-4C9A-A557-EA0274B429EF}.AppStore|ARM.ActiveCfg = AppStore|iPhone
		{51EB8ACA-742D-4C9A-A557-EA0274B429EF}.AppStore|iPhone.ActiveCfg = AppStore|iPhone
		{51EB8ACA-742D-4C9A-A557-EA0274B429EF}.AppStore|iPhone.Build.0 = AppStore|iPhone
		{51EB8ACA-742D-4C9A-A557-EA0274B429EF}.AppStore|iPhoneSimulator.ActiveCfg = AppStore|iPhoneSimulator
		{51EB8ACA-742D-4C9A-A557-EA0274B429EF}.AppStore|iPhoneSimulator.Build.0 = AppStore|iPhoneSimulator
		{51EB8ACA-742D-4C9A-A557-EA0274B429EF}.AppStore|x64.ActiveCfg = AppStore|iPhone
		{51EB8ACA-742D-4C9A-A557-EA0274B429EF}.AppStore|x86.ActiveCfg = AppStore|iPhone
		{51EB8ACA-742D-4C9A-A557-EA0274B429EF}.Debug|Any CPU.ActiveCfg = Debug|iPhone
		{51EB8ACA-742D-4C9A-A557-EA0274B429EF}.Debug|ARM.ActiveCfg = Debug|iPhone
		{51EB8ACA-742D-4C9A-A557-EA0274B429EF}.Debug|iPhone.ActiveCfg = Debug|iPhone
		{51EB8ACA-742D-4C9A-A557-EA0274B429EF}.Debug|iPhone.Build.0 = Debug|iPhone
		{51EB8ACA-742D-4C9A-A557-EA0274B429EF}.Debug|iPhoneSimulator.ActiveCfg = Debug|iPhoneSimulator
		{51EB8ACA-742D-4C9A-A557-EA0274B429EF}.Debug|iPhoneSimulator.Build.0 = Debug|iPhoneSimulator
		{51EB8ACA-742D-4C9A-A557-EA0274B429EF}.Debug|x64.ActiveCfg = Debug|iPhone
		{51EB8ACA-742D-4C9A-A557-EA0274B429EF}.Debug|x86.ActiveCfg = Debug|iPhone
		{51EB8ACA-742D-4C9A-A557-EA0274B429EF}.Release|Any CPU.ActiveCfg = Release|iPhone
		{51EB8ACA-742D-4C9A-A557-EA0274B429EF}.Release|ARM.ActiveCfg = Release|iPhone
		{51EB8ACA-742D-4C9A-A557-EA0274B429EF}.Release|iPhone.ActiveCfg = Release|iPhone
		{51EB8ACA-742D-4C9A-A557-EA0274B429EF}.Release|iPhone.Build.0 = Release|iPhone
		{51EB8ACA-742D-4C9A-A557-EA0274B429EF}.Release|iPhoneSimulator.ActiveCfg = Release|iPhoneSimulator
		{51EB8ACA-742D-4C9A-A557-EA0274B429EF}.Release|iPhoneSimulator.Build.0 = Release|iPhoneSimulator
		{51EB8ACA-742D-4C9A-A557-EA0274B429EF}.Release|x64.ActiveCfg = Release|iPhone
		{51EB8ACA-742D-4C9A-A557-EA0274B429EF}.Release|x86.ActiveCfg = Release|iPhone
		{8F3AC8CB-4CA3-4A97-8F43-D477BA74C1CC}.Ad-Hoc|Any CPU.ActiveCfg = Release|Any CPU
		{8F3AC8CB-4CA3-4A97-8F43-D477BA74C1CC}.Ad-Hoc|Any CPU.Build.0 = Release|Any CPU
		{8F3AC8CB-4CA3-4A97-8F43-D477BA74C1CC}.Ad-Hoc|Any CPU.Deploy.0 = Release|Any CPU
		{8F3AC8CB-4CA3-4A97-8F43-D477BA74C1CC}.Ad-Hoc|ARM.ActiveCfg = Release|ARM
		{8F3AC8CB-4CA3-4A97-8F43-D477BA74C1CC}.Ad-Hoc|ARM.Build.0 = Release|ARM
		{8F3AC8CB-4CA3-4A97-8F43-D477BA74C1CC}.Ad-Hoc|ARM.Deploy.0 = Release|ARM
		{8F3AC8CB-4CA3-4A97-8F43-D477BA74C1CC}.Ad-Hoc|iPhone.ActiveCfg = Release|Any CPU
		{8F3AC8CB-4CA3-4A97-8F43-D477BA74C1CC}.Ad-Hoc|iPhone.Build.0 = Release|Any CPU
		{8F3AC8CB-4CA3-4A97-8F43-D477BA74C1CC}.Ad-Hoc|iPhone.Deploy.0 = Release|Any CPU
		{8F3AC8CB-4CA3-4A97-8F43-D477BA74C1CC}.Ad-Hoc|iPhoneSimulator.ActiveCfg = Release|Any CPU
		{8F3AC8CB-4CA3-4A97-8F43-D477BA74C1CC}.Ad-Hoc|iPhoneSimulator.Build.0 = Release|Any CPU
		{8F3AC8CB-4CA3-4A97-8F43-D477BA74C1CC}.Ad-Hoc|iPhoneSimulator.Deploy.0 = Release|Any CPU
		{8F3AC8CB-4CA3-4A97-8F43-D477BA74C1CC}.Ad-Hoc|x64.ActiveCfg = Release|Any CPU
		{8F3AC8CB-4CA3-4A97-8F43-D477BA74C1CC}.Ad-Hoc|x64.Build.0 = Release|Any CPU
		{8F3AC8CB-4CA3-4A97-8F43-D477BA74C1CC}.Ad-Hoc|x64.Deploy.0 = Release|Any CPU
		{8F3AC8CB-4CA3-4A97-8F43-D477BA74C1CC}.Ad-Hoc|x86.ActiveCfg = Release|x86
		{8F3AC8CB-4CA3-4A97-8F43-D477BA74C1CC}.Ad-Hoc|x86.Build.0 = Release|x86
		{8F3AC8CB-4CA3-4A97-8F43-D477BA74C1CC}.Ad-Hoc|x86.Deploy.0 = Release|x86
		{8F3AC8CB-4CA3-4A97-8F43-D477BA74C1CC}.AppStore|Any CPU.ActiveCfg = Release|Any CPU
		{8F3AC8CB-4CA3-4A97-8F43-D477BA74C1CC}.AppStore|Any CPU.Build.0 = Release|Any CPU
		{8F3AC8CB-4CA3-4A97-8F43-D477BA74C1CC}.AppStore|Any CPU.Deploy.0 = Release|Any CPU
		{8F3AC8CB-4CA3-4A97-8F43-D477BA74C1CC}.AppStore|ARM.ActiveCfg = Release|ARM
		{8F3AC8CB-4CA3-4A97-8F43-D477BA74C1CC}.AppStore|ARM.Build.0 = Release|ARM
		{8F3AC8CB-4CA3-4A97-8F43-D477BA74C1CC}.AppStore|ARM.Deploy.0 = Release|ARM
		{8F3AC8CB-4CA3-4A97-8F43-D477BA74C1CC}.AppStore|iPhone.ActiveCfg = Release|Any CPU
		{8F3AC8CB-4CA3-4A97-8F43-D477BA74C1CC}.AppStore|iPhone.Build.0 = Release|Any CPU
		{8F3AC8CB-4CA3-4A97-8F43-D477BA74C1CC}.AppStore|iPhone.Deploy.0 = Release|Any CPU
		{8F3AC8CB-4CA3-4A97-8F43-D477BA74C1CC}.AppStore|iPhoneSimulator.ActiveCfg = Release|Any CPU
		{8F3AC8CB-4CA3-4A97-8F43-D477BA74C1CC}.AppStore|iPhoneSimulator.Build.0 = Release|Any CPU
		{8F3AC8CB-4CA3-4A97-8F43-D477BA74C1CC}.AppStore|iPhoneSimulator.Deploy.0 = Release|Any CPU
		{8F3AC8CB-4CA3-4A97-8F43-D477BA74C1CC}.AppStore|x64.ActiveCfg = Release|Any CPU
		{8F3AC8CB-4CA3-4A97-8F43-D477BA74C1CC}.AppStore|x64.Build.0 = Release|Any CPU
		{8F3AC8CB-4CA3-4A97-8F43-D477BA74C1CC}.AppStore|x64.Deploy.0 = Release|Any CPU
		{8F3AC8CB-4CA3-4A97-8F43-D477BA74C1CC}.AppStore|x86.ActiveCfg = Release|x86
		{8F3AC8CB-4CA3-4A97-8F43-D477BA74C1CC}.AppStore|x86.Build.0 = Release|x86
		{8F3AC8CB-4CA3-4A97-8F43-D477BA74C1CC}.AppStore|x86.Deploy.0 = Release|x86
		{8F3AC8CB-4CA3-4A97-8F43-D477BA74C1CC}.Debug|Any CPU.ActiveCfg = Debug|Any CPU
		{8F3AC8CB-4CA3-4A97-8F43-D477BA74C1CC}.Debug|Any CPU.Build.0 = Debug|Any CPU
		{8F3AC8CB-4CA3-4A97-8F43-D477BA74C1CC}.Debug|Any CPU.Deploy.0 = Debug|Any CPU
		{8F3AC8CB-4CA3-4A97-8F43-D477BA74C1CC}.Debug|ARM.ActiveCfg = Debug|ARM
		{8F3AC8CB-4CA3-4A97-8F43-D477BA74C1CC}.Debug|ARM.Build.0 = Debug|ARM
		{8F3AC8CB-4CA3-4A97-8F43-D477BA74C1CC}.Debug|ARM.Deploy.0 = Debug|ARM
		{8F3AC8CB-4CA3-4A97-8F43-D477BA74C1CC}.Debug|iPhone.ActiveCfg = Debug|Any CPU
		{8F3AC8CB-4CA3-4A97-8F43-D477BA74C1CC}.Debug|iPhone.Build.0 = Debug|Any CPU
		{8F3AC8CB-4CA3-4A97-8F43-D477BA74C1CC}.Debug|iPhone.Deploy.0 = Debug|Any CPU
		{8F3AC8CB-4CA3-4A97-8F43-D477BA74C1CC}.Debug|iPhoneSimulator.ActiveCfg = Debug|Any CPU
		{8F3AC8CB-4CA3-4A97-8F43-D477BA74C1CC}.Debug|iPhoneSimulator.Build.0 = Debug|Any CPU
		{8F3AC8CB-4CA3-4A97-8F43-D477BA74C1CC}.Debug|iPhoneSimulator.Deploy.0 = Debug|Any CPU
		{8F3AC8CB-4CA3-4A97-8F43-D477BA74C1CC}.Debug|x64.ActiveCfg = Debug|Any CPU
		{8F3AC8CB-4CA3-4A97-8F43-D477BA74C1CC}.Debug|x64.Build.0 = Debug|Any CPU
		{8F3AC8CB-4CA3-4A97-8F43-D477BA74C1CC}.Debug|x64.Deploy.0 = Debug|Any CPU
		{8F3AC8CB-4CA3-4A97-8F43-D477BA74C1CC}.Debug|x86.ActiveCfg = Debug|x86
		{8F3AC8CB-4CA3-4A97-8F43-D477BA74C1CC}.Debug|x86.Build.0 = Debug|x86
		{8F3AC8CB-4CA3-4A97-8F43-D477BA74C1CC}.Debug|x86.Deploy.0 = Debug|x86
		{8F3AC8CB-4CA3-4A97-8F43-D477BA74C1CC}.Release|Any CPU.ActiveCfg = Release|Any CPU
		{8F3AC8CB-4CA3-4A97-8F43-D477BA74C1CC}.Release|Any CPU.Build.0 = Release|Any CPU
		{8F3AC8CB-4CA3-4A97-8F43-D477BA74C1CC}.Release|Any CPU.Deploy.0 = Release|Any CPU
		{8F3AC8CB-4CA3-4A97-8F43-D477BA74C1CC}.Release|ARM.ActiveCfg = Release|ARM
		{8F3AC8CB-4CA3-4A97-8F43-D477BA74C1CC}.Release|ARM.Build.0 = Release|ARM
		{8F3AC8CB-4CA3-4A97-8F43-D477BA74C1CC}.Release|ARM.Deploy.0 = Release|ARM
		{8F3AC8CB-4CA3-4A97-8F43-D477BA74C1CC}.Release|iPhone.ActiveCfg = Release|Any CPU
		{8F3AC8CB-4CA3-4A97-8F43-D477BA74C1CC}.Release|iPhone.Build.0 = Release|Any CPU
		{8F3AC8CB-4CA3-4A97-8F43-D477BA74C1CC}.Release|iPhone.Deploy.0 = Release|Any CPU
		{8F3AC8CB-4CA3-4A97-8F43-D477BA74C1CC}.Release|iPhoneSimulator.ActiveCfg = Release|Any CPU
		{8F3AC8CB-4CA3-4A97-8F43-D477BA74C1CC}.Release|iPhoneSimulator.Build.0 = Release|Any CPU
		{8F3AC8CB-4CA3-4A97-8F43-D477BA74C1CC}.Release|iPhoneSimulator.Deploy.0 = Release|Any CPU
		{8F3AC8CB-4CA3-4A97-8F43-D477BA74C1CC}.Release|x64.ActiveCfg = Release|Any CPU
		{8F3AC8CB-4CA3-4A97-8F43-D477BA74C1CC}.Release|x64.Build.0 = Release|Any CPU
		{8F3AC8CB-4CA3-4A97-8F43-D477BA74C1CC}.Release|x64.Deploy.0 = Release|Any CPU
		{8F3AC8CB-4CA3-4A97-8F43-D477BA74C1CC}.Release|x86.ActiveCfg = Release|x86
		{8F3AC8CB-4CA3-4A97-8F43-D477BA74C1CC}.Release|x86.Build.0 = Release|x86
		{8F3AC8CB-4CA3-4A97-8F43-D477BA74C1CC}.Release|x86.Deploy.0 = Release|x86
		{88E5D59A-2E56-4777-A38C-AA82860CE47A}.Ad-Hoc|Any CPU.ActiveCfg = Release|x86
		{88E5D59A-2E56-4777-A38C-AA82860CE47A}.Ad-Hoc|Any CPU.Build.0 = Release|x86
		{88E5D59A-2E56-4777-A38C-AA82860CE47A}.Ad-Hoc|Any CPU.Deploy.0 = Release|x86
		{88E5D59A-2E56-4777-A38C-AA82860CE47A}.Ad-Hoc|ARM.ActiveCfg = Release|ARM
		{88E5D59A-2E56-4777-A38C-AA82860CE47A}.Ad-Hoc|ARM.Build.0 = Release|ARM
		{88E5D59A-2E56-4777-A38C-AA82860CE47A}.Ad-Hoc|ARM.Deploy.0 = Release|ARM
		{88E5D59A-2E56-4777-A38C-AA82860CE47A}.Ad-Hoc|iPhone.ActiveCfg = Release|x86
		{88E5D59A-2E56-4777-A38C-AA82860CE47A}.Ad-Hoc|iPhone.Build.0 = Release|x86
		{88E5D59A-2E56-4777-A38C-AA82860CE47A}.Ad-Hoc|iPhone.Deploy.0 = Release|x86
		{88E5D59A-2E56-4777-A38C-AA82860CE47A}.Ad-Hoc|iPhoneSimulator.ActiveCfg = Release|x86
		{88E5D59A-2E56-4777-A38C-AA82860CE47A}.Ad-Hoc|iPhoneSimulator.Build.0 = Release|x86
		{88E5D59A-2E56-4777-A38C-AA82860CE47A}.Ad-Hoc|iPhoneSimulator.Deploy.0 = Release|x86
		{88E5D59A-2E56-4777-A38C-AA82860CE47A}.Ad-Hoc|x64.ActiveCfg = Release|x64
		{88E5D59A-2E56-4777-A38C-AA82860CE47A}.Ad-Hoc|x64.Build.0 = Release|x64
		{88E5D59A-2E56-4777-A38C-AA82860CE47A}.Ad-Hoc|x64.Deploy.0 = Release|x64
		{88E5D59A-2E56-4777-A38C-AA82860CE47A}.Ad-Hoc|x86.ActiveCfg = Release|x86
		{88E5D59A-2E56-4777-A38C-AA82860CE47A}.Ad-Hoc|x86.Build.0 = Release|x86
		{88E5D59A-2E56-4777-A38C-AA82860CE47A}.Ad-Hoc|x86.Deploy.0 = Release|x86
		{88E5D59A-2E56-4777-A38C-AA82860CE47A}.AppStore|Any CPU.ActiveCfg = Release|x86
		{88E5D59A-2E56-4777-A38C-AA82860CE47A}.AppStore|Any CPU.Build.0 = Release|x86
		{88E5D59A-2E56-4777-A38C-AA82860CE47A}.AppStore|Any CPU.Deploy.0 = Release|x86
		{88E5D59A-2E56-4777-A38C-AA82860CE47A}.AppStore|ARM.ActiveCfg = Release|ARM
		{88E5D59A-2E56-4777-A38C-AA82860CE47A}.AppStore|ARM.Build.0 = Release|ARM
		{88E5D59A-2E56-4777-A38C-AA82860CE47A}.AppStore|ARM.Deploy.0 = Release|ARM
		{88E5D59A-2E56-4777-A38C-AA82860CE47A}.AppStore|iPhone.ActiveCfg = Release|x86
		{88E5D59A-2E56-4777-A38C-AA82860CE47A}.AppStore|iPhone.Build.0 = Release|x86
		{88E5D59A-2E56-4777-A38C-AA82860CE47A}.AppStore|iPhone.Deploy.0 = Release|x86
		{88E5D59A-2E56-4777-A38C-AA82860CE47A}.AppStore|iPhoneSimulator.ActiveCfg = Release|x86
		{88E5D59A-2E56-4777-A38C-AA82860CE47A}.AppStore|iPhoneSimulator.Build.0 = Release|x86
		{88E5D59A-2E56-4777-A38C-AA82860CE47A}.AppStore|iPhoneSimulator.Deploy.0 = Release|x86
		{88E5D59A-2E56-4777-A38C-AA82860CE47A}.AppStore|x64.ActiveCfg = Release|x64
		{88E5D59A-2E56-4777-A38C-AA82860CE47A}.AppStore|x64.Build.0 = Release|x64
		{88E5D59A-2E56-4777-A38C-AA82860CE47A}.AppStore|x64.Deploy.0 = Release|x64
		{88E5D59A-2E56-4777-A38C-AA82860CE47A}.AppStore|x86.ActiveCfg = Release|x86
		{88E5D59A-2E56-4777-A38C-AA82860CE47A}.AppStore|x86.Build.0 = Release|x86
		{88E5D59A-2E56-4777-A38C-AA82860CE47A}.AppStore|x86.Deploy.0 = Release|x86
		{88E5D59A-2E56-4777-A38C-AA82860CE47A}.Debug|Any CPU.ActiveCfg = Debug|x86
		{88E5D59A-2E56-4777-A38C-AA82860CE47A}.Debug|ARM.ActiveCfg = Debug|ARM
		{88E5D59A-2E56-4777-A38C-AA82860CE47A}.Debug|ARM.Build.0 = Debug|ARM
		{88E5D59A-2E56-4777-A38C-AA82860CE47A}.Debug|ARM.Deploy.0 = Debug|ARM
		{88E5D59A-2E56-4777-A38C-AA82860CE47A}.Debug|iPhone.ActiveCfg = Debug|x86
		{88E5D59A-2E56-4777-A38C-AA82860CE47A}.Debug|iPhoneSimulator.ActiveCfg = Debug|x86
		{88E5D59A-2E56-4777-A38C-AA82860CE47A}.Debug|x64.ActiveCfg = Debug|x64
		{88E5D59A-2E56-4777-A38C-AA82860CE47A}.Debug|x64.Build.0 = Debug|x64
		{88E5D59A-2E56-4777-A38C-AA82860CE47A}.Debug|x64.Deploy.0 = Debug|x64
		{88E5D59A-2E56-4777-A38C-AA82860CE47A}.Debug|x86.ActiveCfg = Debug|x86
		{88E5D59A-2E56-4777-A38C-AA82860CE47A}.Debug|x86.Build.0 = Debug|x86
		{88E5D59A-2E56-4777-A38C-AA82860CE47A}.Debug|x86.Deploy.0 = Debug|x86
		{88E5D59A-2E56-4777-A38C-AA82860CE47A}.Release|Any CPU.ActiveCfg = Release|x86
		{88E5D59A-2E56-4777-A38C-AA82860CE47A}.Release|ARM.ActiveCfg = Release|ARM
		{88E5D59A-2E56-4777-A38C-AA82860CE47A}.Release|ARM.Build.0 = Release|ARM
		{88E5D59A-2E56-4777-A38C-AA82860CE47A}.Release|ARM.Deploy.0 = Release|ARM
		{88E5D59A-2E56-4777-A38C-AA82860CE47A}.Release|iPhone.ActiveCfg = Release|x86
		{88E5D59A-2E56-4777-A38C-AA82860CE47A}.Release|iPhoneSimulator.ActiveCfg = Release|x86
		{88E5D59A-2E56-4777-A38C-AA82860CE47A}.Release|x64.ActiveCfg = Release|x64
		{88E5D59A-2E56-4777-A38C-AA82860CE47A}.Release|x64.Build.0 = Release|x64
		{88E5D59A-2E56-4777-A38C-AA82860CE47A}.Release|x64.Deploy.0 = Release|x64
		{88E5D59A-2E56-4777-A38C-AA82860CE47A}.Release|x86.ActiveCfg = Release|x86
		{88E5D59A-2E56-4777-A38C-AA82860CE47A}.Release|x86.Build.0 = Release|x86
		{88E5D59A-2E56-4777-A38C-AA82860CE47A}.Release|x86.Deploy.0 = Release|x86
		{76384819-7065-44B5-A89F-AE35EBD5E770}.Ad-Hoc|Any CPU.ActiveCfg = Release|Any CPU
		{76384819-7065-44B5-A89F-AE35EBD5E770}.Ad-Hoc|Any CPU.Build.0 = Release|Any CPU
		{76384819-7065-44B5-A89F-AE35EBD5E770}.Ad-Hoc|Any CPU.Deploy.0 = Release|Any CPU
		{76384819-7065-44B5-A89F-AE35EBD5E770}.Ad-Hoc|ARM.ActiveCfg = Release|ARM
		{76384819-7065-44B5-A89F-AE35EBD5E770}.Ad-Hoc|ARM.Build.0 = Release|ARM
		{76384819-7065-44B5-A89F-AE35EBD5E770}.Ad-Hoc|ARM.Deploy.0 = Release|ARM
		{76384819-7065-44B5-A89F-AE35EBD5E770}.Ad-Hoc|iPhone.ActiveCfg = Release|Any CPU
		{76384819-7065-44B5-A89F-AE35EBD5E770}.Ad-Hoc|iPhone.Build.0 = Release|Any CPU
		{76384819-7065-44B5-A89F-AE35EBD5E770}.Ad-Hoc|iPhone.Deploy.0 = Release|Any CPU
		{76384819-7065-44B5-A89F-AE35EBD5E770}.Ad-Hoc|iPhoneSimulator.ActiveCfg = Release|Any CPU
		{76384819-7065-44B5-A89F-AE35EBD5E770}.Ad-Hoc|iPhoneSimulator.Build.0 = Release|Any CPU
		{76384819-7065-44B5-A89F-AE35EBD5E770}.Ad-Hoc|iPhoneSimulator.Deploy.0 = Release|Any CPU
		{76384819-7065-44B5-A89F-AE35EBD5E770}.Ad-Hoc|x64.ActiveCfg = Release|x64
		{76384819-7065-44B5-A89F-AE35EBD5E770}.Ad-Hoc|x64.Build.0 = Release|x64
		{76384819-7065-44B5-A89F-AE35EBD5E770}.Ad-Hoc|x64.Deploy.0 = Release|x64
		{76384819-7065-44B5-A89F-AE35EBD5E770}.Ad-Hoc|x86.ActiveCfg = Release|x86
		{76384819-7065-44B5-A89F-AE35EBD5E770}.Ad-Hoc|x86.Build.0 = Release|x86
		{76384819-7065-44B5-A89F-AE35EBD5E770}.Ad-Hoc|x86.Deploy.0 = Release|x86
		{76384819-7065-44B5-A89F-AE35EBD5E770}.AppStore|Any CPU.ActiveCfg = Release|Any CPU
		{76384819-7065-44B5-A89F-AE35EBD5E770}.AppStore|Any CPU.Build.0 = Release|Any CPU
		{76384819-7065-44B5-A89F-AE35EBD5E770}.AppStore|Any CPU.Deploy.0 = Release|Any CPU
		{76384819-7065-44B5-A89F-AE35EBD5E770}.AppStore|ARM.ActiveCfg = Release|ARM
		{76384819-7065-44B5-A89F-AE35EBD5E770}.AppStore|ARM.Build.0 = Release|ARM
		{76384819-7065-44B5-A89F-AE35EBD5E770}.AppStore|ARM.Deploy.0 = Release|ARM
		{76384819-7065-44B5-A89F-AE35EBD5E770}.AppStore|iPhone.ActiveCfg = Release|Any CPU
		{76384819-7065-44B5-A89F-AE35EBD5E770}.AppStore|iPhone.Build.0 = Release|Any CPU
		{76384819-7065-44B5-A89F-AE35EBD5E770}.AppStore|iPhone.Deploy.0 = Release|Any CPU
		{76384819-7065-44B5-A89F-AE35EBD5E770}.AppStore|iPhoneSimulator.ActiveCfg = Release|Any CPU
		{76384819-7065-44B5-A89F-AE35EBD5E770}.AppStore|iPhoneSimulator.Build.0 = Release|Any CPU
		{76384819-7065-44B5-A89F-AE35EBD5E770}.AppStore|iPhoneSimulator.Deploy.0 = Release|Any CPU
		{76384819-7065-44B5-A89F-AE35EBD5E770}.AppStore|x64.ActiveCfg = Release|x64
		{76384819-7065-44B5-A89F-AE35EBD5E770}.AppStore|x64.Build.0 = Release|x64
		{76384819-7065-44B5-A89F-AE35EBD5E770}.AppStore|x64.Deploy.0 = Release|x64
		{76384819-7065-44B5-A89F-AE35EBD5E770}.AppStore|x86.ActiveCfg = Release|x86
		{76384819-7065-44B5-A89F-AE35EBD5E770}.AppStore|x86.Build.0 = Release|x86
		{76384819-7065-44B5-A89F-AE35EBD5E770}.AppStore|x86.Deploy.0 = Release|x86
		{76384819-7065-44B5-A89F-AE35EBD5E770}.Debug|Any CPU.ActiveCfg = Debug|Any CPU
		{76384819-7065-44B5-A89F-AE35EBD5E770}.Debug|Any CPU.Build.0 = Debug|Any CPU
		{76384819-7065-44B5-A89F-AE35EBD5E770}.Debug|Any CPU.Deploy.0 = Debug|Any CPU
		{76384819-7065-44B5-A89F-AE35EBD5E770}.Debug|ARM.ActiveCfg = Debug|ARM
		{76384819-7065-44B5-A89F-AE35EBD5E770}.Debug|ARM.Build.0 = Debug|ARM
		{76384819-7065-44B5-A89F-AE35EBD5E770}.Debug|ARM.Deploy.0 = Debug|ARM
		{76384819-7065-44B5-A89F-AE35EBD5E770}.Debug|iPhone.ActiveCfg = Debug|Any CPU
		{76384819-7065-44B5-A89F-AE35EBD5E770}.Debug|iPhone.Build.0 = Debug|Any CPU
		{76384819-7065-44B5-A89F-AE35EBD5E770}.Debug|iPhone.Deploy.0 = Debug|Any CPU
		{76384819-7065-44B5-A89F-AE35EBD5E770}.Debug|iPhoneSimulator.ActiveCfg = Debug|Any CPU
		{76384819-7065-44B5-A89F-AE35EBD5E770}.Debug|iPhoneSimulator.Build.0 = Debug|Any CPU
		{76384819-7065-44B5-A89F-AE35EBD5E770}.Debug|iPhoneSimulator.Deploy.0 = Debug|Any CPU
		{76384819-7065-44B5-A89F-AE35EBD5E770}.Debug|x64.ActiveCfg = Debug|x64
		{76384819-7065-44B5-A89F-AE35EBD5E770}.Debug|x64.Build.0 = Debug|x64
		{76384819-7065-44B5-A89F-AE35EBD5E770}.Debug|x64.Deploy.0 = Debug|x64
		{76384819-7065-44B5-A89F-AE35EBD5E770}.Debug|x86.ActiveCfg = Debug|x86
		{76384819-7065-44B5-A89F-AE35EBD5E770}.Debug|x86.Build.0 = Debug|x86
		{76384819-7065-44B5-A89F-AE35EBD5E770}.Debug|x86.Deploy.0 = Debug|x86
		{76384819-7065-44B5-A89F-AE35EBD5E770}.Release|Any CPU.ActiveCfg = Release|Any CPU
		{76384819-7065-44B5-A89F-AE35EBD5E770}.Release|Any CPU.Build.0 = Release|Any CPU
		{76384819-7065-44B5-A89F-AE35EBD5E770}.Release|Any CPU.Deploy.0 = Release|Any CPU
		{76384819-7065-44B5-A89F-AE35EBD5E770}.Release|ARM.ActiveCfg = Release|ARM
		{76384819-7065-44B5-A89F-AE35EBD5E770}.Release|ARM.Build.0 = Release|ARM
		{76384819-7065-44B5-A89F-AE35EBD5E770}.Release|ARM.Deploy.0 = Release|ARM
		{76384819-7065-44B5-A89F-AE35EBD5E770}.Release|iPhone.ActiveCfg = Release|Any CPU
		{76384819-7065-44B5-A89F-AE35EBD5E770}.Release|iPhone.Build.0 = Release|Any CPU
		{76384819-7065-44B5-A89F-AE35EBD5E770}.Release|iPhone.Deploy.0 = Release|Any CPU
		{76384819-7065-44B5-A89F-AE35EBD5E770}.Release|iPhoneSimulator.ActiveCfg = Release|Any CPU
		{76384819-7065-44B5-A89F-AE35EBD5E770}.Release|iPhoneSimulator.Build.0 = Release|Any CPU
		{76384819-7065-44B5-A89F-AE35EBD5E770}.Release|iPhoneSimulator.Deploy.0 = Release|Any CPU
		{76384819-7065-44B5-A89F-AE35EBD5E770}.Release|x64.ActiveCfg = Release|x64
		{76384819-7065-44B5-A89F-AE35EBD5E770}.Release|x64.Build.0 = Release|x64
		{76384819-7065-44B5-A89F-AE35EBD5E770}.Release|x64.Deploy.0 = Release|x64
		{76384819-7065-44B5-A89F-AE35EBD5E770}.Release|x86.ActiveCfg = Release|x86
		{76384819-7065-44B5-A89F-AE35EBD5E770}.Release|x86.Build.0 = Release|x86
		{76384819-7065-44B5-A89F-AE35EBD5E770}.Release|x86.Deploy.0 = Release|x86
		{306FE8B0-BF98-4D92-AD06-079A37041208}.Ad-Hoc|Any CPU.ActiveCfg = Release|Any CPU
		{306FE8B0-BF98-4D92-AD06-079A37041208}.Ad-Hoc|Any CPU.Build.0 = Release|Any CPU
		{306FE8B0-BF98-4D92-AD06-079A37041208}.Ad-Hoc|ARM.ActiveCfg = Release|Any CPU
		{306FE8B0-BF98-4D92-AD06-079A37041208}.Ad-Hoc|ARM.Build.0 = Release|Any CPU
		{306FE8B0-BF98-4D92-AD06-079A37041208}.Ad-Hoc|iPhone.ActiveCfg = Release|Any CPU
		{306FE8B0-BF98-4D92-AD06-079A37041208}.Ad-Hoc|iPhone.Build.0 = Release|Any CPU
		{306FE8B0-BF98-4D92-AD06-079A37041208}.Ad-Hoc|iPhoneSimulator.ActiveCfg = Release|Any CPU
		{306FE8B0-BF98-4D92-AD06-079A37041208}.Ad-Hoc|iPhoneSimulator.Build.0 = Release|Any CPU
		{306FE8B0-BF98-4D92-AD06-079A37041208}.Ad-Hoc|x64.ActiveCfg = Release|Any CPU
		{306FE8B0-BF98-4D92-AD06-079A37041208}.Ad-Hoc|x64.Build.0 = Release|Any CPU
		{306FE8B0-BF98-4D92-AD06-079A37041208}.Ad-Hoc|x86.ActiveCfg = Release|Any CPU
		{306FE8B0-BF98-4D92-AD06-079A37041208}.Ad-Hoc|x86.Build.0 = Release|Any CPU
		{306FE8B0-BF98-4D92-AD06-079A37041208}.AppStore|Any CPU.ActiveCfg = Release|Any CPU
		{306FE8B0-BF98-4D92-AD06-079A37041208}.AppStore|Any CPU.Build.0 = Release|Any CPU
		{306FE8B0-BF98-4D92-AD06-079A37041208}.AppStore|ARM.ActiveCfg = Release|Any CPU
		{306FE8B0-BF98-4D92-AD06-079A37041208}.AppStore|ARM.Build.0 = Release|Any CPU
		{306FE8B0-BF98-4D92-AD06-079A37041208}.AppStore|iPhone.ActiveCfg = Release|Any CPU
		{306FE8B0-BF98-4D92-AD06-079A37041208}.AppStore|iPhone.Build.0 = Release|Any CPU
		{306FE8B0-BF98-4D92-AD06-079A37041208}.AppStore|iPhoneSimulator.ActiveCfg = Release|Any CPU
		{306FE8B0-BF98-4D92-AD06-079A37041208}.AppStore|iPhoneSimulator.Build.0 = Release|Any CPU
		{306FE8B0-BF98-4D92-AD06-079A37041208}.AppStore|x64.ActiveCfg = Release|Any CPU
		{306FE8B0-BF98-4D92-AD06-079A37041208}.AppStore|x64.Build.0 = Release|Any CPU
		{306FE8B0-BF98-4D92-AD06-079A37041208}.AppStore|x86.ActiveCfg = Release|Any CPU
		{306FE8B0-BF98-4D92-AD06-079A37041208}.AppStore|x86.Build.0 = Release|Any CPU
		{306FE8B0-BF98-4D92-AD06-079A37041208}.Debug|Any CPU.ActiveCfg = Debug|Any CPU
		{306FE8B0-BF98-4D92-AD06-079A37041208}.Debug|Any CPU.Build.0 = Debug|Any CPU
		{306FE8B0-BF98-4D92-AD06-079A37041208}.Debug|ARM.ActiveCfg = Debug|Any CPU
		{306FE8B0-BF98-4D92-AD06-079A37041208}.Debug|ARM.Build.0 = Debug|Any CPU
		{306FE8B0-BF98-4D92-AD06-079A37041208}.Debug|iPhone.ActiveCfg = Debug|Any CPU
		{306FE8B0-BF98-4D92-AD06-079A37041208}.Debug|iPhone.Build.0 = Debug|Any CPU
		{306FE8B0-BF98-4D92-AD06-079A37041208}.Debug|iPhoneSimulator.ActiveCfg = Debug|Any CPU
		{306FE8B0-BF98-4D92-AD06-079A37041208}.Debug|iPhoneSimulator.Build.0 = Debug|Any CPU
		{306FE8B0-BF98-4D92-AD06-079A37041208}.Debug|x64.ActiveCfg = Debug|Any CPU
		{306FE8B0-BF98-4D92-AD06-079A37041208}.Debug|x64.Build.0 = Debug|Any CPU
		{306FE8B0-BF98-4D92-AD06-079A37041208}.Debug|x86.ActiveCfg = Debug|Any CPU
		{306FE8B0-BF98-4D92-AD06-079A37041208}.Debug|x86.Build.0 = Debug|Any CPU
		{306FE8B0-BF98-4D92-AD06-079A37041208}.Release|Any CPU.ActiveCfg = Release|Any CPU
		{306FE8B0-BF98-4D92-AD06-079A37041208}.Release|Any CPU.Build.0 = Release|Any CPU
		{306FE8B0-BF98-4D92-AD06-079A37041208}.Release|ARM.ActiveCfg = Release|Any CPU
		{306FE8B0-BF98-4D92-AD06-079A37041208}.Release|ARM.Build.0 = Release|Any CPU
		{306FE8B0-BF98-4D92-AD06-079A37041208}.Release|iPhone.ActiveCfg = Release|Any CPU
		{306FE8B0-BF98-4D92-AD06-079A37041208}.Release|iPhone.Build.0 = Release|Any CPU
		{306FE8B0-BF98-4D92-AD06-079A37041208}.Release|iPhoneSimulator.ActiveCfg = Release|Any CPU
		{306FE8B0-BF98-4D92-AD06-079A37041208}.Release|iPhoneSimulator.Build.0 = Release|Any CPU
		{306FE8B0-BF98-4D92-AD06-079A37041208}.Release|x64.ActiveCfg = Release|Any CPU
		{306FE8B0-BF98-4D92-AD06-079A37041208}.Release|x64.Build.0 = Release|Any CPU
		{306FE8B0-BF98-4D92-AD06-079A37041208}.Release|x86.ActiveCfg = Release|Any CPU
		{306FE8B0-BF98-4D92-AD06-079A37041208}.Release|x86.Build.0 = Release|Any CPU
	EndGlobalSection
	GlobalSection(SolutionProperties) = preSolution
		HideSolutionNode = FALSE
	EndGlobalSection
EndGlobal
